
Microsoft Visual Studio Solution File, Format Version 12.00
# Visual Studio 15
VisualStudioVersion = 15.0.28307.572
MinimumVisualStudioVersion = 10.0.40219.1
Project("{FAE04EC0-301F-11D3-BF4B-00C04F79EFBC}") = "Winden_Apriori", "Winden_Apriori\Winden_Apriori.csproj", "{D8D41F9C-D240-4E1D-8591-8D1B4EB1C737}"
EndProject
Global
	GlobalSection(SolutionConfigurationPlatforms) = preSolution
		Debug|Any CPU = Debug|Any CPU
		Release|Any CPU = Release|Any CPU
	EndGlobalSection
	GlobalSection(ProjectConfigurationPlatforms) = postSolution
		{D8D41F9C-D240-4E1D-8591-8D1B4EB1C737}.Debug|Any CPU.ActiveCfg = Debug|Any CPU
		{D8D41F9C-D240-4E1D-8591-8D1B4EB1C737}.Debug|Any CPU.Build.0 = Debug|Any CPU
		{D8D41F9C-D240-4E1D-8591-8D1B4EB1C737}.Release|Any CPU.ActiveCfg = Release|Any CPU
		{D8D41F9C-D240-4E1D-8591-8D1B4EB1C737}.Release|Any CPU.Build.0 = Release|Any CPU
	EndGlobalSection
	GlobalSection(SolutionProperties) = preSolution
		HideSolutionNode = FALSE
	EndGlobalSection
	GlobalSection(ExtensibilityGlobals) = postSolution
		SolutionGuid = {532C6043-27BE-4DEC-B6FC-EA513A3294B8}
	EndGlobalSection
EndGlobal
